
Microsoft Visual Studio Solution File, Format Version 12.00
# Visual Studio Version 16
VisualStudioVersion = 16.0.31729.503
MinimumVisualStudioVersion = 10.0.40219.1
Project("{FAE04EC0-301F-11D3-BF4B-00C04F79EFBC}") = "WebFormApp", "WebFormApp\WebFormApp.csproj", "{88AD8B11-3E42-4E94-9C04-633874480E02}"
EndProject
Global
	GlobalSection(SolutionConfigurationPlatforms) = preSolution
		Debug|Any CPU = Debug|Any CPU
		Release|Any CPU = Release|Any CPU
	EndGlobalSection
	GlobalSection(ProjectConfigurationPlatforms) = postSolution
		{88AD8B11-3E42-4E94-9C04-633874480E02}.Debug|Any CPU.ActiveCfg = Debug|Any CPU
		{88AD8B11-3E42-4E94-9C04-633874480E02}.Debug|Any CPU.Build.0 = Debug|Any CPU
		{88AD8B11-3E42-4E94-9C04-633874480E02}.Release|Any CPU.ActiveCfg = Release|Any CPU
		{88AD8B11-3E42-4E94-9C04-633874480E02}.Release|Any CPU.Build.0 = Release|Any CPU
	EndGlobalSection
	GlobalSection(SolutionProperties) = preSolution
		HideSolutionNode = FALSE
	EndGlobalSection
	GlobalSection(ExtensibilityGlobals) = postSolution
		SolutionGuid = {E8A2A173-F768-4B54-BD13-2C41141F370D}
	EndGlobalSection
EndGlobal
